
Microsoft Visual Studio Solution File, Format Version 12.00
# Visual Studio Version 17
VisualStudioVersion = 17.14.37216.2 d17.14
MinimumVisualStudioVersion = 10.0.40219.1
Project("{8BC9CEB8-8B4A-11D0-8D11-00A0C91BC942}") = "AnimatedScene", "AnimatedScene.vcxproj", "{7A934122-A367-4AAA-9231-FE2C998DD408}"
EndProject
Global
	GlobalSection(SolutionConfigurationPlatforms) = preSolution
		Debug|x64 = Debug|x64
		Debug|x86 = Debug|x86
		Release|x64 = Release|x64
		Release|x86 = Release|x86
	EndGlobalSection
	GlobalSection(ProjectConfigurationPlatforms) = postSolution
		{7A934122-A367-4AAA-9231-FE2C998DD408}.Debug|x64.ActiveCfg = Debug|x64
		{7A934122-A367-4AAA-9231-FE2C998DD408}.Debug|x64.Build.0 = Debug|x64
		{7A934122-A367-4AAA-9231-FE2C998DD408}.Debug|x86.ActiveCfg = Debug|Win32
		{7A934122-A367-4AAA-9231-FE2C998DD408}.Debug|x86.Build.0 = Debug|Win32
		{7A934122-A367-4AAA-9231-FE2C998DD408}.Release|x64.ActiveCfg = Release|x64
		{7A934122-A367-4AAA-9231-FE2C998DD408}.Release|x64.Build.0 = Release|x64
		{7A934122-A367-4AAA-9231-FE2C998DD408}.Release|x86.ActiveCfg = Release|Win32
		{7A934122-A367-4AAA-9231-FE2C998DD408}.Release|x86.Build.0 = Release|Win32
	EndGlobalSection
	GlobalSection(SolutionProperties) = preSolution
		HideSolutionNode = FALSE
	EndGlobalSection
	GlobalSection(ExtensibilityGlobals) = postSolution
		SolutionGuid = {1E805EBE-ED63-44A7-AFF2-02F90CBB2C57}
	EndGlobalSection
EndGlobal
